{
    "_readme": [
        "This file locks the dependencies of your project to a known state",
        "Read more about it at http://getcomposer.org/doc/01-basic-usage.md#composer-lock-the-lock-file"
    ],
    "hash": "d0b5d3960860af8ca34bc579d6ae90ce",
    "packages": [
        {
            "name": "kriswallsmith/assetic",
            "version": "1.1.x-dev",
            "source": {
                "type": "git",
                "url": "https://github.com/kriswallsmith/assetic.git",
                "reference": "1d671c54f147ece319642132330927672b6190a7"
            },
            "dist": {
                "type": "zip",
                "url": "https://api.github.com/repos/kriswallsmith/assetic/zipball/1d671c54f147ece319642132330927672b6190a7",
                "reference": "1d671c54f147ece319642132330927672b6190a7",
                "shasum": ""
            },
            "require": {
                "php": ">=5.3.1",
                "symfony/process": "~2.1"
            },
            "require-dev": {
                "cssmin/cssmin": "*",
                "joliclic/javascript-packer": "*",
                "kamicane/packager": "*",
                "leafo/lessphp": "*",
                "leafo/scssphp": "*",
                "leafo/scssphp-compass": "*",
                "mrclay/minify": "*",
                "phpunit/phpunit": "~3.7",
                "ptachoire/cssembed": "*",
                "twig/twig": "~1.6"
            },
            "suggest": {
                "leafo/lessphp": "Assetic provides the integration with the lessphp LESS compiler",
                "leafo/scssphp": "Assetic provides the integration with the scssphp SCSS compiler",
                "leafo/scssphp-compass": "Assetic provides the integration with the SCSS compass plugin",
                "ptachoire/cssembed": "Assetic provides the integration with phpcssembed to embed data uris",
                "twig/twig": "Assetic provides the integration with the Twig templating engine"
            },
            "type": "library",
            "extra": {
                "branch-alias": {
                    "dev-master": "1.1-dev"
                }
            },
            "autoload": {
                "psr-0": {
                    "Assetic": "src/"
                },
                "files": [
                    "src/functions.php"
                ]
            },
            "notification-url": "https://packagist.org/downloads/",
            "license": [
                "MIT"
            ],
            "authors": [
                {
                    "name": "Kris Wallsmith",
                    "email": "kris.wallsmith@gmail.com",
                    "homepage": "http://kriswallsmith.net/"
                }
            ],
            "description": "Asset Management for PHP",
            "homepage": "https://github.com/kriswallsmith/assetic",
            "keywords": [
                "assets",
                "compression",
                "minification"
            ],
            "time": "2013-09-03 12:44:05"
        },
        {
            "name": "leafo/lessphp",
            "version": "v0.3.9",
            "source": {
                "type": "git",
                "url": "https://github.com/leafo/lessphp.git",
                "reference": "a11a6141b5715162b933c405379765d817891c5d"
            },
            "dist": {
                "type": "zip",
                "url": "https://api.github.com/repos/leafo/lessphp/zipball/a11a6141b5715162b933c405379765d817891c5d",
                "reference": "a11a6141b5715162b933c405379765d817891c5d",
                "shasum": ""
            },
            "type": "library",
            "extra": {
                "branch-alias": {
                    "dev-master": "0.3-dev"
                }
            },
            "autoload": {
                "classmap": [
                    "lessc.inc.php"
                ]
            },
            "notification-url": "https://packagist.org/downloads/",
            "license": [
                "MIT",
                "GPL-3.0"
            ],
            "authors": [
                {
                    "name": "Leaf Corcoran",
                    "email": "leafot@gmail.com",
                    "homepage": "http://leafo.net"
                }
            ],
            "description": "lessphp is a compiler for LESS written in PHP.",
            "homepage": "http://leafo.net/lessphp/",
            "time": "2013-03-02 16:13:31"
        },
        {
            "name": "monolog/monolog",
            "version": "1.4.1",
            "source": {
                "type": "git",
                "url": "https://github.com/Seldaek/monolog.git",
                "reference": "3295de82be06b3bbcd336983ddf8c50724430180"
            },
            "dist": {
                "type": "zip",
                "url": "https://api.github.com/repos/Seldaek/monolog/zipball/3295de82be06b3bbcd336983ddf8c50724430180",
                "reference": "3295de82be06b3bbcd336983ddf8c50724430180",
                "shasum": ""
            },
            "require": {
                "php": ">=5.3.0",
                "psr/log": "~1.0"
            },
            "require-dev": {
                "doctrine/couchdb": "dev-master",
                "mlehner/gelf-php": "1.0.*",
                "raven/raven": "0.3.*"
            },
            "suggest": {
                "doctrine/couchdb": "Allow sending log messages to a CouchDB server",
                "ext-amqp": "Allow sending log messages to an AMQP server (1.0+ required)",
                "ext-mongo": "Allow sending log messages to a MongoDB server",
                "mlehner/gelf-php": "Allow sending log messages to a GrayLog2 server",
                "raven/raven": "Allow sending log messages to a Sentry server"
            },
            "type": "library",
            "extra": {
                "branch-alias": {
                    "dev-master": "1.4.x-dev"
                }
            },
            "autoload": {
                "psr-0": {
                    "Monolog": "src/"
                }
            },
            "notification-url": "https://packagist.org/downloads/",
            "license": [
                "MIT"
            ],
            "authors": [
                {
                    "name": "Jordi Boggiano",
                    "email": "j.boggiano@seld.be",
                    "homepage": "http://seld.be",
                    "role": "Developer"
                }
            ],
            "description": "Sends your logs to files, sockets, inboxes, databases and various web services",
            "homepage": "http://github.com/Seldaek/monolog",
            "keywords": [
                "log",
                "logging",
                "psr-3"
            ],
            "time": "2013-04-01 10:04:58"
        },
        {
            "name": "natxet/CssMin",
            "version": "dev-master",
            "source": {
                "type": "git",
                "url": "https://github.com/natxet/CssMin.git",
                "reference": "afdcdbdb5fc332313f47a79ae60346df3e69a572"
            },
            "dist": {
                "type": "zip",
                "url": "https://api.github.com/repos/natxet/CssMin/zipball/afdcdbdb5fc332313f47a79ae60346df3e69a572",
                "reference": "afdcdbdb5fc332313f47a79ae60346df3e69a572",
                "shasum": ""
            },
            "require": {
                "php": ">=5.0"
            },
            "type": "library",
            "autoload": {
                "classmap": [
                    "src/"
                ]
            },
            "notification-url": "https://packagist.org/downloads/",
            "license": [
                "MIT"
            ],
            "authors": [
                {
                    "name": "Joe Scylla",
                    "email": "joe.scylla@gmail.com",
                    "homepage": "https://profiles.google.com/joe.scylla"
                }
            ],
            "description": "Minifying CSS",
            "homepage": "http://code.google.com/p/cssmin/",
            "keywords": [
                "css",
                "minify"
            ],
            "time": "2013-07-02 20:53:35"
        },
        {
            "name": "psr/log",
            "version": "dev-master",
            "source": {
                "type": "git",
                "url": "https://github.com/php-fig/log.git",
                "reference": "a78d6504ff5d4367497785ab2ade91db3a9fbe11"
            },
            "dist": {
                "type": "zip",
                "url": "https://api.github.com/repos/php-fig/log/zipball/a78d6504ff5d4367497785ab2ade91db3a9fbe11",
                "reference": "a78d6504ff5d4367497785ab2ade91db3a9fbe11",
                "shasum": ""
            },
            "type": "library",
            "extra": {
                "branch-alias": {
                    "dev-master": "1.0.x-dev"
                }
            },
            "autoload": {
                "psr-0": {
                    "Psr\\Log\\": ""
                }
            },
            "notification-url": "https://packagist.org/downloads/",
            "license": [
                "MIT"
            ],
            "authors": [
                {
                    "name": "PHP-FIG",
                    "homepage": "http://www.php-fig.org/"
                }
            ],
            "description": "Common interface for logging libraries",
            "keywords": [
                "log",
                "psr",
                "psr-3"
            ],
            "time": "2014-01-18 15:33:09"
        },
        {
            "name": "sugiphp/assets",
            "version": "dev-master",
            "target-dir": "SugiPHP/Assets",
            "source": {
                "type": "git",
                "url": "https://github.com/SugiPHP/Assets.git",
                "reference": "5f6412e005926507c0cabfc838b7f60565926c9a"
            },
            "dist": {
                "type": "zip",
                "url": "https://api.github.com/repos/SugiPHP/Assets/zipball/5f6412e005926507c0cabfc838b7f60565926c9a",
                "reference": "5f6412e005926507c0cabfc838b7f60565926c9a",
                "shasum": ""
            },
            "require": {
                "kriswallsmith/assetic": "1.1.*",
                "natxet/cssmin": "dev-master",
                "php": ">=5.3",
                "tedivm/jshrink": "0.5.*"
            },
            "require-dev": {
                "leafo/lessphp": "dev-master"
            },
            "type": "library",
            "autoload": {
                "psr-0": {
                    "SugiPHP\\Assets\\": ""
                }
            },
            "notification-url": "https://packagist.org/downloads/",
            "license": [
                "MIT"
            ],
            "authors": [
                {
                    "name": "Plamen Popov",
                    "email": "tzappa@gmail.com",
                    "role": "Developer"
                }
            ],
            "description": "SugiPHP Assets Management Component based on Assetic",
            "keywords": [
                "assetic",
                "assets",
                "css",
                "javascript",
                "less"
            ],
            "time": "2013-11-01 15:58:15"
        },
        {
            "name": "sugiphp/auth",
            "version": "dev-master",
            "target-dir": "SugiPHP/Auth",
            "source": {
                "type": "git",
                "url": "https://github.com/SugiPHP/Auth.git",
                "reference": "af23d076eebc9e6fb8cf363b4384f1ad7a44fad3"
            },
            "dist": {
                "type": "zip",
                "url": "https://api.github.com/repos/SugiPHP/Auth/zipball/af23d076eebc9e6fb8cf363b4384f1ad7a44fad3",
                "reference": "af23d076eebc9e6fb8cf363b4384f1ad7a44fad3",
                "shasum": ""
            },
            "require": {
                "php": ">=5.3"
            },
            "type": "library",
            "autoload": {
                "psr-0": {
                    "SugiPHP\\Auth\\": ""
                }
            },
            "notification-url": "https://packagist.org/downloads/",
            "license": [
                "MIT"
            ],
            "authors": [
                {
                    "name": "Plamen Popov",
                    "email": "tzappa@gmail.com",
                    "role": "Developer"
                }
            ],
            "description": "SugiPHP Authentication Component",
            "keywords": [
                "auth",
                "login",
                "register",
                "remember me",
                "user"
            ],
            "time": "2014-04-03 13:39:32"
        },
        {
            "name": "sugiphp/cache",
            "version": "dev-master",
            "target-dir": "SugiPHP/Cache",
            "source": {
                "type": "git",
                "url": "https://github.com/SugiPHP/Cache.git",
                "reference": "af7af4aee4350fd66976aa0818e201ce3a09079d"
            },
            "dist": {
                "type": "zip",
                "url": "https://api.github.com/repos/SugiPHP/Cache/zipball/af7af4aee4350fd66976aa0818e201ce3a09079d",
                "reference": "af7af4aee4350fd66976aa0818e201ce3a09079d",
                "shasum": ""
            },
            "require": {
                "php": ">=5.3"
            },
            "type": "library",
            "autoload": {
                "psr-0": {
                    "SugiPHP\\Cache\\": ""
                }
            },
            "notification-url": "https://packagist.org/downloads/",
            "license": [
                "MIT"
            ],
            "authors": [
                {
                    "name": "Plamen Popov",
                    "email": "tzappa@gmail.com",
                    "role": "Developer"
                }
            ],
            "description": "SugiPHP Cache Component",
            "keywords": [
                "apc",
                "cache",
                "memcache",
                "sugiphp"
            ],
            "time": "2014-02-03 12:29:31"
        },
        {
            "name": "sugiphp/config",
            "version": "dev-master",
            "target-dir": "SugiPHP/Config",
            "source": {
                "type": "git",
                "url": "https://github.com/SugiPHP/Config.git",
                "reference": "fbe3a457477209332a745a8324c13e73d25acc20"
            },
            "dist": {
                "type": "zip",
                "url": "https://api.github.com/repos/SugiPHP/Config/zipball/fbe3a457477209332a745a8324c13e73d25acc20",
                "reference": "fbe3a457477209332a745a8324c13e73d25acc20",
                "shasum": ""
            },
            "require": {
                "php": ">=5.3"
            },
            "require-dev": {
                "symfony/yaml": "dev-master"
            },
            "suggest": {
                "symfony/yaml": "Symfony Yaml Component to use .yml config files"
            },
            "type": "library",
            "autoload": {
                "psr-0": {
                    "SugiPHP\\Config\\": ""
                }
            },
            "notification-url": "https://packagist.org/downloads/",
            "license": [
                "MIT"
            ],
            "authors": [
                {
                    "name": "Plamen Popov",
                    "email": "tzappa@gmail.com",
                    "role": "Developer"
                }
            ],
            "description": "SugiPHP Config Component",
            "keywords": [
                "config",
                "sugiphp"
            ],
            "time": "2014-04-02 15:03:33"
        },
        {
            "name": "sugiphp/container",
            "version": "dev-master",
            "target-dir": "SugiPHP/Container",
            "source": {
                "type": "git",
                "url": "https://github.com/SugiPHP/Container.git",
                "reference": "5d44932f95008810a5d89ff678a81c91f92010d5"
            },
            "dist": {
                "type": "zip",
                "url": "https://api.github.com/repos/SugiPHP/Container/zipball/5d44932f95008810a5d89ff678a81c91f92010d5",
                "reference": "5d44932f95008810a5d89ff678a81c91f92010d5",
                "shasum": ""
            },
            "require": {
                "php": ">=5.3"
            },
            "type": "library",
            "autoload": {
                "psr-0": {
                    "SugiPHP\\Container\\": ""
                }
            },
            "notification-url": "https://packagist.org/downloads/",
            "license": [
                "MIT"
            ],
            "authors": [
                {
                    "name": "Plamen Popov",
                    "email": "tzappa@gmail.com",
                    "role": "Developer"
                }
            ],
            "description": "SugiPHP Container Component",
            "keywords": [
                "container",
                "sugiphp"
            ],
            "time": "2014-04-02 14:26:58"
        },
        {
            "name": "sugiphp/cron",
            "version": "dev-master",
            "target-dir": "SugiPHP/Cron",
            "source": {
                "type": "git",
                "url": "https://github.com/SugiPHP/Cron.git",
                "reference": "46174b79a573660a821f82ae85f9f78fd1b18d75"
            },
            "dist": {
                "type": "zip",
                "url": "https://api.github.com/repos/SugiPHP/Cron/zipball/46174b79a573660a821f82ae85f9f78fd1b18d75",
                "reference": "46174b79a573660a821f82ae85f9f78fd1b18d75",
                "shasum": ""
            },
            "require": {
                "php": ">=5.3"
            },
            "type": "library",
            "autoload": {
                "psr-0": {
                    "SugiPHP\\Cron\\": ""
                }
            },
            "notification-url": "https://packagist.org/downloads/",
            "authors": [
                {
                    "name": "Plamen Popov",
                    "email": "tzappa@gmail.com",
                    "role": "Developer"
                }
            ],
            "description": "Cron jobs with PHP",
            "keywords": [
                "cron",
                "cronjob",
                "crontab"
            ],
            "time": "2013-12-23 07:55:01"
        },
        {
            "name": "sugiphp/database",
            "version": "dev-master",
            "target-dir": "SugiPHP/Database",
            "source": {
                "type": "git",
                "url": "https://github.com/SugiPHP/Database.git",
                "reference": "431bced6596c8948e9a7ad9c6fc2c0854fc6c4e7"
            },
            "dist": {
                "type": "zip",
                "url": "https://api.github.com/repos/SugiPHP/Database/zipball/431bced6596c8948e9a7ad9c6fc2c0854fc6c4e7",
                "reference": "431bced6596c8948e9a7ad9c6fc2c0854fc6c4e7",
                "shasum": ""
            },
            "require": {
                "php": ">=5.3"
            },
            "type": "library",
            "autoload": {
                "psr-0": {
                    "SugiPHP\\Database\\": ""
                }
            },
            "notification-url": "https://packagist.org/downloads/",
            "authors": [
                {
                    "name": "Plamen Popov",
                    "email": "tzappa@gmail.com",
                    "role": "Developer"
                }
            ],
            "description": "Database abstraction layer",
            "keywords": [
                "database",
                "mysql",
                "pdo",
                "pgsql",
                "sqlite"
            ],
            "time": "2014-02-05 12:43:01"
        },
        {
            "name": "sugiphp/events",
            "version": "dev-master",
            "target-dir": "SugiPHP/Events",
            "source": {
                "type": "git",
                "url": "https://github.com/SugiPHP/Events.git",
                "reference": "90175d5d6eb37671fdeb298d07b4e7baa6e1d952"
            },
            "dist": {
                "type": "zip",
                "url": "https://api.github.com/repos/SugiPHP/Events/zipball/90175d5d6eb37671fdeb298d07b4e7baa6e1d952",
                "reference": "90175d5d6eb37671fdeb298d07b4e7baa6e1d952",
                "shasum": ""
            },
            "require": {
                "php": ">=5.3"
            },
            "type": "library",
            "autoload": {
                "psr-0": {
                    "SugiPHP\\Events\\": ""
                }
            },
            "notification-url": "https://packagist.org/downloads/",
            "license": [
                "MIT"
            ],
            "authors": [
                {
                    "name": "Plamen Popov",
                    "email": "tzappa@gmail.com",
                    "role": "Developer"
                }
            ],
            "description": "Observer design pattern-like events system",
            "keywords": [
                "dispatcher",
                "event",
                "observer"
            ],
            "time": "2014-04-03 13:34:07"
        },
        {
            "name": "sugiphp/filesystem",
            "version": "dev-master",
            "target-dir": "SugiPHP/FileSystem",
            "source": {
                "type": "git",
                "url": "https://github.com/SugiPHP/FileSystem.git",
                "reference": "da6a5c67ea0e57b1b926e0631da3e9252876a529"
            },
            "dist": {
                "type": "zip",
                "url": "https://api.github.com/repos/SugiPHP/FileSystem/zipball/da6a5c67ea0e57b1b926e0631da3e9252876a529",
                "reference": "da6a5c67ea0e57b1b926e0631da3e9252876a529",
                "shasum": ""
            },
            "require": {
                "php": ">=5.3"
            },
            "type": "library",
            "autoload": {
                "psr-0": {
                    "SugiPHP\\FileSystem\\": ""
                }
            },
            "notification-url": "https://packagist.org/downloads/",
            "authors": [
                {
                    "name": "Plamen Popov",
                    "email": "tzappa@gmail.com",
                    "role": "Developer"
                }
            ],
            "description": "Basic utilities to work with file system",
            "keywords": [
                "directories",
                "files",
                "filesystem"
            ],
            "time": "2014-04-07 11:06:05"
        },
        {
            "name": "sugiphp/filter",
            "version": "dev-master",
            "source": {
                "type": "git",
                "url": "https://github.com/SugiPHP/Filter.git",
                "reference": "bc21e6aef46010766b54ee6314e1dafa6f681d8d"
            },
            "dist": {
                "type": "zip",
                "url": "https://api.github.com/repos/SugiPHP/Filter/zipball/bc21e6aef46010766b54ee6314e1dafa6f681d8d",
                "reference": "bc21e6aef46010766b54ee6314e1dafa6f681d8d",
                "shasum": ""
            },
            "require": {
                "php": ">=5.3"
            },
            "type": "library",
            "autoload": {
                "psr-4": {
                    "SugiPHP\\Filter\\": ""
                }
            },
            "notification-url": "https://packagist.org/downloads/",
            "license": [
                "MIT"
            ],
            "authors": [
                {
                    "name": "Plamen Popov",
                    "email": "tzappa@gmail.com",
                    "role": "Developer"
                }
            ],
            "description": "Filter helper functions",
            "keywords": [
                "filter"
            ],
            "time": "2014-04-08 13:38:49"
        },
        {
            "name": "sugiphp/http",
            "version": "dev-master",
            "target-dir": "SugiPHP/HTTP",
            "source": {
                "type": "git",
                "url": "https://github.com/SugiPHP/HTTP.git",
                "reference": "17979ac533100f55d565f21ef2f0c722f7443efe"
            },
            "dist": {
                "type": "zip",
                "url": "https://api.github.com/repos/SugiPHP/HTTP/zipball/17979ac533100f55d565f21ef2f0c722f7443efe",
                "reference": "17979ac533100f55d565f21ef2f0c722f7443efe",
                "shasum": ""
            },
            "require": {
                "php": ">=5.3"
            },
            "type": "library",
            "autoload": {
                "psr-0": {
                    "SugiPHP\\HTTP\\": ""
                }
            },
            "notification-url": "https://packagist.org/downloads/",
            "authors": [
                {
                    "name": "Plamen Popov",
                    "email": "tzappa@gmail.com",
                    "role": "Developer"
                }
            ],
            "description": "HTTP Request and Response classes",
            "keywords": [
                "http",
                "request",
                "response"
            ],
            "time": "2014-02-21 08:53:01"
        },
        {
            "name": "sugiphp/logger",
            "version": "dev-master",
            "target-dir": "SugiPHP/Logger",
            "source": {
                "type": "git",
                "url": "https://github.com/SugiPHP/Logger.git",
                "reference": "a6324a63eddc85ad2df314603cd066f1d05b2db6"
            },
            "dist": {
                "type": "zip",
                "url": "https://api.github.com/repos/SugiPHP/Logger/zipball/a6324a63eddc85ad2df314603cd066f1d05b2db6",
                "reference": "a6324a63eddc85ad2df314603cd066f1d05b2db6",
                "shasum": ""
            },
            "require": {
                "monolog/monolog": "1.4.*",
                "php": ">=5.3"
            },
            "type": "library",
            "autoload": {
                "psr-0": {
                    "SugiPHP\\Logger\\": ""
                }
            },
            "notification-url": "https://packagist.org/downloads/",
            "authors": [
                {
                    "name": "Plamen Popov",
                    "email": "tzappa@gmail.com",
                    "role": "Developer"
                }
            ],
            "keywords": [
                "log",
                "logging"
            ],
            "time": "2013-09-26 07:13:27"
        },
        {
            "name": "sugiphp/routing",
            "version": "dev-master",
            "target-dir": "SugiPHP/Routing",
            "source": {
                "type": "git",
                "url": "https://github.com/SugiPHP/Routing.git",
                "reference": "6a54e21a0e6f8cf2ccd542b5a6b2e94d95a7beb1"
            },
            "dist": {
                "type": "zip",
                "url": "https://api.github.com/repos/SugiPHP/Routing/zipball/6a54e21a0e6f8cf2ccd542b5a6b2e94d95a7beb1",
                "reference": "6a54e21a0e6f8cf2ccd542b5a6b2e94d95a7beb1",
                "shasum": ""
            },
            "require": {
                "php": ">=5.3"
            },
            "type": "library",
            "autoload": {
                "psr-0": {
                    "SugiPHP\\Routing\\": ""
                }
            },
            "notification-url": "https://packagist.org/downloads/",
            "authors": [
                {
                    "name": "Plamen Popov",
                    "email": "tzappa@gmail.com",
                    "role": "Developer"
                }
            ],
            "description": "Routing",
            "keywords": [
                "route"
            ],
            "time": "2013-10-18 12:10:35"
        },
        {
            "name": "sugiphp/sugi",
            "version": "dev-master",
            "source": {
                "type": "git",
                "url": "https://github.com/SugiPHP/Sugi.git",
                "reference": "d72b962ada9e2251f6183e3f7c74d4266e897771"
            },
            "dist": {
                "type": "zip",
                "url": "https://api.github.com/repos/SugiPHP/Sugi/zipball/d72b962ada9e2251f6183e3f7c74d4266e897771",
                "reference": "d72b962ada9e2251f6183e3f7c74d4266e897771",
                "shasum": ""
            },
            "require": {
                "leafo/lessphp": "0.3.*",
                "php": ">=5.3",
                "sugiphp/assets": "dev-master",
                "sugiphp/cache": "dev-master",
                "sugiphp/config": "dev-master",
                "sugiphp/container": "dev-master",
                "sugiphp/cron": "dev-master",
                "sugiphp/database": "dev-master",
                "sugiphp/events": "dev-master",
                "sugiphp/filesystem": "dev-master",
                "sugiphp/filter": "dev-master",
                "sugiphp/http": "dev-master",
                "sugiphp/logger": "dev-master",
                "sugiphp/routing": "dev-master",
                "swiftmailer/swiftmailer": "4.3.*",
                "symfony/yaml": "2.2.*"
            },
            "type": "library",
            "autoload": {
                "psr-0": {
                    "SugiPHP\\Sugi": "src/"
                }
            },
            "notification-url": "https://packagist.org/downloads/",
            "authors": [
                {
                    "name": "Plamen Popov",
                    "email": "tzappa@gmail.com",
                    "role": "Developer"
                }
            ],
            "time": "2014-04-08 13:54:52"
        },
        {
            "name": "swiftmailer/swiftmailer",
            "version": "v4.3.1",
            "source": {
                "type": "git",
                "url": "https://github.com/swiftmailer/swiftmailer.git",
                "reference": "ae540bed1079c07aa12e9e62d9d8d4fc49bbdff2"
            },
            "dist": {
                "type": "zip",
                "url": "https://api.github.com/repos/swiftmailer/swiftmailer/zipball/ae540bed1079c07aa12e9e62d9d8d4fc49bbdff2",
                "reference": "ae540bed1079c07aa12e9e62d9d8d4fc49bbdff2",
                "shasum": ""
            },
            "require": {
                "php": ">=5.2.4"
            },
            "type": "library",
            "extra": {
                "branch-alias": {
                    "dev-master": "4.3-dev"
                }
            },
            "autoload": {
                "files": [
                    "lib/swift_required.php"
                ]
            },
            "notification-url": "https://packagist.org/downloads/",
            "license": [
                "LGPL"
            ],
            "authors": [
                {
                    "name": "Fabien Potencier",
                    "email": "fabien@symfony.com",
                    "homepage": "http://fabien.potencier.org",
                    "role": "Lead Developer"
                },
                {
                    "name": "Chris Corbyn"
                }
            ],
            "description": "Swiftmailer, free feature-rich PHP mailer",
            "homepage": "http://swiftmailer.org",
            "keywords": [
                "mail",
                "mailer"
            ],
            "time": "2013-04-11 10:22:09"
        },
        {
            "name": "symfony/process",
            "version": "dev-master",
            "target-dir": "Symfony/Component/Process",
            "source": {
                "type": "git",
                "url": "https://github.com/symfony/Process.git",
                "reference": "10767aeb15bd6fc0c7cf18fa6883e5237ea7cf29"
            },
            "dist": {
                "type": "zip",
                "url": "https://api.github.com/repos/symfony/Process/zipball/10767aeb15bd6fc0c7cf18fa6883e5237ea7cf29",
                "reference": "10767aeb15bd6fc0c7cf18fa6883e5237ea7cf29",
                "shasum": ""
            },
            "require": {
                "php": ">=5.3.3"
            },
            "type": "library",
            "extra": {
                "branch-alias": {
                    "dev-master": "2.5-dev"
                }
            },
            "autoload": {
                "psr-0": {
                    "Symfony\\Component\\Process\\": ""
                }
            },
            "notification-url": "https://packagist.org/downloads/",
            "license": [
                "MIT"
            ],
            "authors": [
                {
                    "name": "Fabien Potencier",
                    "email": "fabien@symfony.com",
                    "homepage": "http://fabien.potencier.org",
                    "role": "Lead Developer"
                },
                {
                    "name": "Symfony Community",
                    "homepage": "http://symfony.com/contributors"
                }
            ],
            "description": "Symfony Process Component",
            "homepage": "http://symfony.com",
            "time": "2014-04-03 05:23:50"
        },
        {
            "name": "symfony/yaml",
            "version": "2.2.x-dev",
            "target-dir": "Symfony/Component/Yaml",
            "source": {
                "type": "git",
                "url": "https://github.com/symfony/Yaml.git",
                "reference": "4f3569bb23953116281fb3a642c4266ce84a2f44"
            },
            "dist": {
                "type": "zip",
                "url": "https://api.github.com/repos/symfony/Yaml/zipball/4f3569bb23953116281fb3a642c4266ce84a2f44",
                "reference": "4f3569bb23953116281fb3a642c4266ce84a2f44",
                "shasum": ""
            },
            "require": {
                "php": ">=5.3.3"
            },
            "type": "library",
            "extra": {
                "branch-alias": {
                    "dev-master": "2.2-dev"
                }
            },
            "autoload": {
                "psr-0": {
                    "Symfony\\Component\\Yaml\\": ""
                }
            },
            "notification-url": "https://packagist.org/downloads/",
            "license": [
                "MIT"
            ],
            "authors": [
                {
                    "name": "Fabien Potencier",
                    "email": "fabien@symfony.com",
                    "homepage": "http://fabien.potencier.org",
                    "role": "Lead Developer"
                },
                {
                    "name": "Symfony Community",
                    "homepage": "http://symfony.com/contributors"
                }
            ],
            "description": "Symfony Yaml Component",
            "homepage": "http://symfony.com",
            "time": "2013-11-25 10:21:43"
        },
        {
            "name": "tedivm/jshrink",
            "version": "v0.5.2",
            "source": {
                "type": "git",
                "url": "https://github.com/tedivm/JShrink.git",
                "reference": "4b48e3d051cf0ab145db9df20d3292d91485bb60"
            },
            "dist": {
                "type": "zip",
                "url": "https://api.github.com/repos/tedivm/JShrink/zipball/4b48e3d051cf0ab145db9df20d3292d91485bb60",
                "reference": "4b48e3d051cf0ab145db9df20d3292d91485bb60",
                "shasum": ""
            },
            "require": {
                "php": ">=5.3.0"
            },
            "type": "library",
            "autoload": {
                "psr-0": {
                    "JShrink": "src/"
                }
            },
            "notification-url": "https://packagist.org/downloads/",
            "license": [
                "BSD-3-Clause"
            ],
            "authors": [
                {
                    "name": "Robert Hafner",
                    "email": "tedivm@tedivm.com"
                }
            ],
            "description": "Javascript Minifier built in PHP",
            "homepage": "http://github.com/tedivm/JShrink",
            "keywords": [
                "javascript",
                "minifier"
            ],
            "time": "2014-01-14 22:23:53"
        }
    ],
    "packages-dev": [

    ],
    "aliases": [

    ],
    "minimum-stability": "dev",
    "stability-flags": {
        "sugiphp/sugi": 20,
        "sugiphp/auth": 20
    },
    "platform": [

    ],
    "platform-dev": [

    ]
}
